
Microsoft Visual Studio Solution File, Format Version 12.00
# Visual Studio Version 17
VisualStudioVersion = 17.11.35312.102
MinimumVisualStudioVersion = 10.0.40219.1
Project("{FAE04EC0-301F-11D3-BF4B-00C04F79EFBC}") = "kutuphaneKitap", "kutuphaneKitap\kutuphaneKitap.csproj", "{1FBB0990-2900-41BA-853D-8CCEFE4E18D2}"
EndProject
Global
	GlobalSection(SolutionConfigurationPlatforms) = preSolution
		Debug|Any CPU = Debug|Any CPU
		Release|Any CPU = Release|Any CPU
	EndGlobalSection
	GlobalSection(ProjectConfigurationPlatforms) = postSolution
		{1FBB0990-2900-41BA-853D-8CCEFE4E18D2}.Debug|Any CPU.ActiveCfg = Debug|Any CPU
		{1FBB0990-2900-41BA-853D-8CCEFE4E18D2}.Debug|Any CPU.Build.0 = Debug|Any CPU
		{1FBB0990-2900-41BA-853D-8CCEFE4E18D2}.Release|Any CPU.ActiveCfg = Release|Any CPU
		{1FBB0990-2900-41BA-853D-8CCEFE4E18D2}.Release|Any CPU.Build.0 = Release|Any CPU
	EndGlobalSection
	GlobalSection(SolutionProperties) = preSolution
		HideSolutionNode = FALSE
	EndGlobalSection
	GlobalSection(ExtensibilityGlobals) = postSolution
		SolutionGuid = {387B64A5-6810-4EB1-8E57-BDCBE26E2BEE}
	EndGlobalSection
EndGlobal
